
Microsoft Visual Studio Solution File, Format Version 12.00
# Visual Studio 15
VisualStudioVersion = 15.0.28307.421
MinimumVisualStudioVersion = 10.0.40219.1
Project("{FAE04EC0-301F-11D3-BF4B-00C04F79EFBC}") = "DS_Program", "DS_Program\DS_Program.csproj", "{45B04306-FB3C-42F3-8DA8-DC8DC7F6E1C9}"
EndProject
Project("{FAE04EC0-301F-11D3-BF4B-00C04F79EFBC}") = "ArraylistDraw", "ArraylistDraw\ArraylistDraw.csproj", "{B5C2C3ED-F589-432B-9006-AE752A3925D2}"
EndProject
Global
	GlobalSection(SolutionConfigurationPlatforms) = preSolution
		Debug|Any CPU = Debug|Any CPU
		Release|Any CPU = Release|Any CPU
	EndGlobalSection
	GlobalSection(ProjectConfigurationPlatforms) = postSolution
		{45B04306-FB3C-42F3-8DA8-DC8DC7F6E1C9}.Debug|Any CPU.ActiveCfg = Debug|Any CPU
		{45B04306-FB3C-42F3-8DA8-DC8DC7F6E1C9}.Debug|Any CPU.Build.0 = Debug|Any CPU
		{45B04306-FB3C-42F3-8DA8-DC8DC7F6E1C9}.Release|Any CPU.ActiveCfg = Release|Any CPU
		{45B04306-FB3C-42F3-8DA8-DC8DC7F6E1C9}.Release|Any CPU.Build.0 = Release|Any CPU
		{B5C2C3ED-F589-432B-9006-AE752A3925D2}.Debug|Any CPU.ActiveCfg = Debug|Any CPU
		{B5C2C3ED-F589-432B-9006-AE752A3925D2}.Debug|Any CPU.Build.0 = Debug|Any CPU
		{B5C2C3ED-F589-432B-9006-AE752A3925D2}.Release|Any CPU.ActiveCfg = Release|Any CPU
		{B5C2C3ED-F589-432B-9006-AE752A3925D2}.Release|Any CPU.Build.0 = Release|Any CPU
	EndGlobalSection
	GlobalSection(SolutionProperties) = preSolution
		HideSolutionNode = FALSE
	EndGlobalSection
	GlobalSection(ExtensibilityGlobals) = postSolution
		SolutionGuid = {76134AF7-7F46-47A9-A4D1-57BD7027936B}
	EndGlobalSection
EndGlobal
